{
  "name": "school-management-system",
  "lockfileVersion": 3,
  "requires": true,
  "packages": {
    "": {
      "dependencies": {
        "dexie": "^4.4.5"
      }
    },
    "node_modules/dexie": {
      "version": "4.4.5",
      "resolved": "https://registry.npmjs.org/dexie/-/dexie-4.4.5.tgz",
      "integrity": "sha512-wWCHdihT3dmlUSuNhn5mMZDWSpG0suxjAni7YjjiZdzabZcKmy3uNZGZ7AeYYXBoLbpSXX35fikPLkPC44Osiw==",
      "license": "Apache-2.0"
    }
  }
}
